
Microsoft Visual Studio Solution File, Format Version 12.00
# Visual Studio Version 17
VisualStudioVersion = 17.14.36414.22 d17.14
MinimumVisualStudioVersion = 10.0.40219.1
Project("{FAE04EC0-301F-11D3-BF4B-00C04F79EFBC}") = "MyPurchasedBook", "MyPurchasedBook\MyPurchasedBook.csproj", "{D0155D4A-0604-43AB-9CBC-7334093F9BCD}"
EndProject
Global
	GlobalSection(SolutionConfigurationPlatforms) = preSolution
		Debug|Any CPU = Debug|Any CPU
		Release|Any CPU = Release|Any CPU
	EndGlobalSection
	GlobalSection(ProjectConfigurationPlatforms) = postSolution
		{D0155D4A-0604-43AB-9CBC-7334093F9BCD}.Debug|Any CPU.ActiveCfg = Debug|Any CPU
		{D0155D4A-0604-43AB-9CBC-7334093F9BCD}.Debug|Any CPU.Build.0 = Debug|Any CPU
		{D0155D4A-0604-43AB-9CBC-7334093F9BCD}.Release|Any CPU.ActiveCfg = Release|Any CPU
		{D0155D4A-0604-43AB-9CBC-7334093F9BCD}.Release|Any CPU.Build.0 = Release|Any CPU
	EndGlobalSection
	GlobalSection(SolutionProperties) = preSolution
		HideSolutionNode = FALSE
	EndGlobalSection
	GlobalSection(ExtensibilityGlobals) = postSolution
		SolutionGuid = {8A83A659-EA2C-40D9-92B4-B68EE7FAD879}
	EndGlobalSection
EndGlobal
